
Microsoft Visual Studio Solution File, Format Version 11.00
# Visual Studio 2010
Project("{FAE04EC0-301F-11D3-BF4B-00C04F79EFBC}") = "GetLit", "GetLit\GetLit.csproj", "{6A5018A7-F946-47EB-A215-98445BE498CE}"
	ProjectSection(ProjectDependencies) = postProject
		{67C7451B-C165-41E3-A2C3-442513D11710} = {67C7451B-C165-41E3-A2C3-442513D11710}
	EndProjectSection
EndProject
Project("{FAE04EC0-301F-11D3-BF4B-00C04F79EFBC}") = "GetLit.Host", "GetLit.Web\GetLit.Host.csproj", "{67C7451B-C165-41E3-A2C3-442513D11710}"
EndProject
Project("{2150E333-8FDC-42A3-9474-1A3956D46DE8}") = "Client", "Client", "{E9E80309-3DE1-433B-A97F-6536CBEEDE56}"
EndProject
Project("{2150E333-8FDC-42A3-9474-1A3956D46DE8}") = "Server", "Server", "{ABBA50AB-EA6E-4D6C-93B6-46595B0CA3C6}"
EndProject
Project("{FAE04EC0-301F-11D3-BF4B-00C04F79EFBC}") = "GetLit.RIA", "GetLit.RIA.Server\GetLit.RIA.csproj", "{B94A6022-9786-4BD4-8FDB-42E3228AA918}"
	ProjectSection(ProjectDependencies) = postProject
		{40C8365E-08B6-4FB9-BB6F-3D59EE3B0C0A} = {40C8365E-08B6-4FB9-BB6F-3D59EE3B0C0A}
	EndProjectSection
EndProject
Project("{FAE04EC0-301F-11D3-BF4B-00C04F79EFBC}") = "GetLit.RIA.Server", "GetLit.RIA.Server.Web\GetLit.RIA.Server.csproj", "{40C8365E-08B6-4FB9-BB6F-3D59EE3B0C0A}"
EndProject
Global
	GlobalSection(SolutionConfigurationPlatforms) = preSolution
		Debug|Any CPU = Debug|Any CPU
		Release|Any CPU = Release|Any CPU
	EndGlobalSection
	GlobalSection(ProjectConfigurationPlatforms) = postSolution
		{6A5018A7-F946-47EB-A215-98445BE498CE}.Debug|Any CPU.ActiveCfg = Debug|Any CPU
		{6A5018A7-F946-47EB-A215-98445BE498CE}.Debug|Any CPU.Build.0 = Debug|Any CPU
		{6A5018A7-F946-47EB-A215-98445BE498CE}.Release|Any CPU.ActiveCfg = Release|Any CPU
		{6A5018A7-F946-47EB-A215-98445BE498CE}.Release|Any CPU.Build.0 = Release|Any CPU
		{67C7451B-C165-41E3-A2C3-442513D11710}.Debug|Any CPU.ActiveCfg = Debug|Any CPU
		{67C7451B-C165-41E3-A2C3-442513D11710}.Debug|Any CPU.Build.0 = Debug|Any CPU
		{67C7451B-C165-41E3-A2C3-442513D11710}.Release|Any CPU.ActiveCfg = Release|Any CPU
		{67C7451B-C165-41E3-A2C3-442513D11710}.Release|Any CPU.Build.0 = Release|Any CPU
		{B94A6022-9786-4BD4-8FDB-42E3228AA918}.Debug|Any CPU.ActiveCfg = Debug|Any CPU
		{B94A6022-9786-4BD4-8FDB-42E3228AA918}.Debug|Any CPU.Build.0 = Debug|Any CPU
		{B94A6022-9786-4BD4-8FDB-42E3228AA918}.Release|Any CPU.ActiveCfg = Release|Any CPU
		{B94A6022-9786-4BD4-8FDB-42E3228AA918}.Release|Any CPU.Build.0 = Release|Any CPU
		{40C8365E-08B6-4FB9-BB6F-3D59EE3B0C0A}.Debug|Any CPU.ActiveCfg = Debug|Any CPU
		{40C8365E-08B6-4FB9-BB6F-3D59EE3B0C0A}.Debug|Any CPU.Build.0 = Debug|Any CPU
		{40C8365E-08B6-4FB9-BB6F-3D59EE3B0C0A}.Release|Any CPU.ActiveCfg = Release|Any CPU
		{40C8365E-08B6-4FB9-BB6F-3D59EE3B0C0A}.Release|Any CPU.Build.0 = Release|Any CPU
	EndGlobalSection
	GlobalSection(SolutionProperties) = preSolution
		HideSolutionNode = FALSE
	EndGlobalSection
	GlobalSection(NestedProjects) = preSolution
		{6A5018A7-F946-47EB-A215-98445BE498CE} = {E9E80309-3DE1-433B-A97F-6536CBEEDE56}
		{B94A6022-9786-4BD4-8FDB-42E3228AA918} = {E9E80309-3DE1-433B-A97F-6536CBEEDE56}
		{40C8365E-08B6-4FB9-BB6F-3D59EE3B0C0A} = {ABBA50AB-EA6E-4D6C-93B6-46595B0CA3C6}
	EndGlobalSection
EndGlobal
